
Microsoft Visual Studio Solution File, Format Version 12.00
# Visual Studio 15
VisualStudioVersion = 15.0.27004.2005
MinimumVisualStudioVersion = 10.0.40219.1
Project("{FAE04EC0-301F-11D3-BF4B-00C04F79EFBC}") = "RPGManager.DataContext", "RPGManager.Data\RPGManager.DataContext.csproj", "{E8A70B37-70F3-4715-9BBB-F13CE3C5F158}"
EndProject
Project("{FAE04EC0-301F-11D3-BF4B-00C04F79EFBC}") = "RPGManager.Domain", "RPGManager.Domain\RPGManager.Domain.csproj", "{7D817443-70D5-4086-9770-825F9EF448F0}"
EndProject
Project("{FAE04EC0-301F-11D3-BF4B-00C04F79EFBC}") = "RPGManager.Factory", "RPGManager.Factory\RPGManager.Factory.csproj", "{3F00D1C3-E517-4946-8B29-78420B8B3DCD}"
EndProject
Project("{FAE04EC0-301F-11D3-BF4B-00C04F79EFBC}") = "RPGManager.ILogic", "RPGManager.ILogic\RPGManager.ILogic.csproj", "{62320D28-0287-4C4C-BB6F-8542B7B88A54}"
EndProject
Project("{FAE04EC0-301F-11D3-BF4B-00C04F79EFBC}") = "RPGManager.Presentation", "RPG Manager\RPGManager.Presentation.csproj", "{0F20305B-7409-43FE-B1B7-89B189FF6E2E}"
EndProject
Project("{FAE04EC0-301F-11D3-BF4B-00C04F79EFBC}") = "RPGManager.Repository", "Repository\RPGManager.Repository.csproj", "{6F00F1EF-6FAA-4D4E-8B5F-FC5C748B2806}"
EndProject
Project("{FAE04EC0-301F-11D3-BF4B-00C04F79EFBC}") = "RPGManager.IRepository", "IRepository\RPGManager.IRepository.csproj", "{A1C5DB50-C8E9-4DCB-A492-0D0D118F1F64}"
EndProject
Project("{FAE04EC0-301F-11D3-BF4B-00C04F79EFBC}") = "RPGManager.IDataContext", "IDataContext\RPGManager.IDataContext.csproj", "{9C4B357C-6CB0-4F92-847E-26A526D34AFE}"
EndProject
Project("{FAE04EC0-301F-11D3-BF4B-00C04F79EFBC}") = "RPGManager.Logic", "RPGManager.Business\RPGManager.Logic.csproj", "{6376417E-C9CF-4879-B26C-FAA76D28EDD8}"
EndProject
Project("{2150E333-8FDC-42A3-9474-1A3956D46DE8}") = "A. DAL", "A. DAL", "{D55B6354-B5FF-4CF7-8487-E5754FB1223E}"
EndProject
Project("{2150E333-8FDC-42A3-9474-1A3956D46DE8}") = "B. BIL", "B. BIL", "{7F75E68C-653C-40D1-B6B5-C681614E13D4}"
EndProject
Project("{2150E333-8FDC-42A3-9474-1A3956D46DE8}") = "C. UI", "C. UI", "{816D668F-62E2-4562-A1E7-9FCACCE8A29A}"
EndProject
Project("{2150E333-8FDC-42A3-9474-1A3956D46DE8}") = "A1. Context", "A1. Context", "{F2F7AEC2-B7D0-45B7-B2C3-3253C994FA89}"
EndProject
Project("{2150E333-8FDC-42A3-9474-1A3956D46DE8}") = "A2. Repo", "A2. Repo", "{433E6221-ABF0-4B89-9709-7A3062E48ED5}"
EndProject
Project("{2150E333-8FDC-42A3-9474-1A3956D46DE8}") = "D. Domain", "D. Domain", "{F6B1917D-C65D-46A9-97D3-FBB5B2220DE4}"
EndProject
Project("{2150E333-8FDC-42A3-9474-1A3956D46DE8}") = "E. Factory", "E. Factory", "{8ADB3AA3-1030-4EBF-BE85-9E8310934054}"
EndProject
Global
	GlobalSection(SolutionConfigurationPlatforms) = preSolution
		Debug|Any CPU = Debug|Any CPU
		Release|Any CPU = Release|Any CPU
	EndGlobalSection
	GlobalSection(ProjectConfigurationPlatforms) = postSolution
		{E8A70B37-70F3-4715-9BBB-F13CE3C5F158}.Debug|Any CPU.ActiveCfg = Debug|Any CPU
		{E8A70B37-70F3-4715-9BBB-F13CE3C5F158}.Debug|Any CPU.Build.0 = Debug|Any CPU
		{E8A70B37-70F3-4715-9BBB-F13CE3C5F158}.Release|Any CPU.ActiveCfg = Release|Any CPU
		{E8A70B37-70F3-4715-9BBB-F13CE3C5F158}.Release|Any CPU.Build.0 = Release|Any CPU
		{7D817443-70D5-4086-9770-825F9EF448F0}.Debug|Any CPU.ActiveCfg = Debug|Any CPU
		{7D817443-70D5-4086-9770-825F9EF448F0}.Debug|Any CPU.Build.0 = Debug|Any CPU
		{7D817443-70D5-4086-9770-825F9EF448F0}.Release|Any CPU.ActiveCfg = Release|Any CPU
		{7D817443-70D5-4086-9770-825F9EF448F0}.Release|Any CPU.Build.0 = Release|Any CPU
		{3F00D1C3-E517-4946-8B29-78420B8B3DCD}.Debug|Any CPU.ActiveCfg = Debug|Any CPU
		{3F00D1C3-E517-4946-8B29-78420B8B3DCD}.Debug|Any CPU.Build.0 = Debug|Any CPU
		{3F00D1C3-E517-4946-8B29-78420B8B3DCD}.Release|Any CPU.ActiveCfg = Release|Any CPU
		{3F00D1C3-E517-4946-8B29-78420B8B3DCD}.Release|Any CPU.Build.0 = Release|Any CPU
		{62320D28-0287-4C4C-BB6F-8542B7B88A54}.Debug|Any CPU.ActiveCfg = Debug|Any CPU
		{62320D28-0287-4C4C-BB6F-8542B7B88A54}.Debug|Any CPU.Build.0 = Debug|Any CPU
		{62320D28-0287-4C4C-BB6F-8542B7B88A54}.Release|Any CPU.ActiveCfg = Release|Any CPU
		{62320D28-0287-4C4C-BB6F-8542B7B88A54}.Release|Any CPU.Build.0 = Release|Any CPU
		{0F20305B-7409-43FE-B1B7-89B189FF6E2E}.Debug|Any CPU.ActiveCfg = Debug|Any CPU
		{0F20305B-7409-43FE-B1B7-89B189FF6E2E}.Debug|Any CPU.Build.0 = Debug|Any CPU
		{0F20305B-7409-43FE-B1B7-89B189FF6E2E}.Release|Any CPU.ActiveCfg = Release|Any CPU
		{0F20305B-7409-43FE-B1B7-89B189FF6E2E}.Release|Any CPU.Build.0 = Release|Any CPU
		{6F00F1EF-6FAA-4D4E-8B5F-FC5C748B2806}.Debug|Any CPU.ActiveCfg = Debug|Any CPU
		{6F00F1EF-6FAA-4D4E-8B5F-FC5C748B2806}.Debug|Any CPU.Build.0 = Debug|Any CPU
		{6F00F1EF-6FAA-4D4E-8B5F-FC5C748B2806}.Release|Any CPU.ActiveCfg = Release|Any CPU
		{6F00F1EF-6FAA-4D4E-8B5F-FC5C748B2806}.Release|Any CPU.Build.0 = Release|Any CPU
		{A1C5DB50-C8E9-4DCB-A492-0D0D118F1F64}.Debug|Any CPU.ActiveCfg = Debug|Any CPU
		{A1C5DB50-C8E9-4DCB-A492-0D0D118F1F64}.Debug|Any CPU.Build.0 = Debug|Any CPU
		{A1C5DB50-C8E9-4DCB-A492-0D0D118F1F64}.Release|Any CPU.ActiveCfg = Release|Any CPU
		{A1C5DB50-C8E9-4DCB-A492-0D0D118F1F64}.Release|Any CPU.Build.0 = Release|Any CPU
		{9C4B357C-6CB0-4F92-847E-26A526D34AFE}.Debug|Any CPU.ActiveCfg = Debug|Any CPU
		{9C4B357C-6CB0-4F92-847E-26A526D34AFE}.Debug|Any CPU.Build.0 = Debug|Any CPU
		{9C4B357C-6CB0-4F92-847E-26A526D34AFE}.Release|Any CPU.ActiveCfg = Release|Any CPU
		{9C4B357C-6CB0-4F92-847E-26A526D34AFE}.Release|Any CPU.Build.0 = Release|Any CPU
		{6376417E-C9CF-4879-B26C-FAA76D28EDD8}.Debug|Any CPU.ActiveCfg = Debug|Any CPU
		{6376417E-C9CF-4879-B26C-FAA76D28EDD8}.Debug|Any CPU.Build.0 = Debug|Any CPU
		{6376417E-C9CF-4879-B26C-FAA76D28EDD8}.Release|Any CPU.ActiveCfg = Release|Any CPU
		{6376417E-C9CF-4879-B26C-FAA76D28EDD8}.Release|Any CPU.Build.0 = Release|Any CPU
	EndGlobalSection
	GlobalSection(SolutionProperties) = preSolution
		HideSolutionNode = FALSE
	EndGlobalSection
	GlobalSection(NestedProjects) = preSolution
		{E8A70B37-70F3-4715-9BBB-F13CE3C5F158} = {F2F7AEC2-B7D0-45B7-B2C3-3253C994FA89}
		{7D817443-70D5-4086-9770-825F9EF448F0} = {F6B1917D-C65D-46A9-97D3-FBB5B2220DE4}
		{3F00D1C3-E517-4946-8B29-78420B8B3DCD} = {8ADB3AA3-1030-4EBF-BE85-9E8310934054}
		{62320D28-0287-4C4C-BB6F-8542B7B88A54} = {7F75E68C-653C-40D1-B6B5-C681614E13D4}
		{0F20305B-7409-43FE-B1B7-89B189FF6E2E} = {816D668F-62E2-4562-A1E7-9FCACCE8A29A}
		{6F00F1EF-6FAA-4D4E-8B5F-FC5C748B2806} = {433E6221-ABF0-4B89-9709-7A3062E48ED5}
		{A1C5DB50-C8E9-4DCB-A492-0D0D118F1F64} = {433E6221-ABF0-4B89-9709-7A3062E48ED5}
		{9C4B357C-6CB0-4F92-847E-26A526D34AFE} = {F2F7AEC2-B7D0-45B7-B2C3-3253C994FA89}
		{6376417E-C9CF-4879-B26C-FAA76D28EDD8} = {7F75E68C-653C-40D1-B6B5-C681614E13D4}
		{F2F7AEC2-B7D0-45B7-B2C3-3253C994FA89} = {D55B6354-B5FF-4CF7-8487-E5754FB1223E}
		{433E6221-ABF0-4B89-9709-7A3062E48ED5} = {D55B6354-B5FF-4CF7-8487-E5754FB1223E}
	EndGlobalSection
	GlobalSection(ExtensibilityGlobals) = postSolution
		SolutionGuid = {646917C1-7E7E-42DD-A549-6A652962444A}
	EndGlobalSection
EndGlobal
